{
  "name": "meyshasadiya",
  "version": "1.0.0",
  "lockfileVersion": 3,
  "requires": true,
  "packages": {
    "": {
      "name": "meyshasadiya",
      "version": "1.0.0",
      "license": "ISC",
      "dependencies": {
        "meyshasadiya": "^1.0.0"
      }
    },
    "node_modules/meyshasadiya": {
      "version": "1.0.0",
      "resolved": "https://registry.npmjs.org/meyshasadiya/-/meyshasadiya-1.0.0.tgz",
      "integrity": "sha512-J/IvEe30HxUBFzYarm2AXN0gtpPE17XQkMeo00fr5nMZ89g6aO6lpTdCRrsTSy8Aijbgat9nF+i5vAiackZElA=="
    }
  }
}
